
Microsoft Visual Studio Solution File, Format Version 12.00
# Visual Studio Version 16
VisualStudioVersion = 16.0.30413.136
MinimumVisualStudioVersion = 10.0.40219.1
Project("{FAE04EC0-301F-11D3-BF4B-00C04F79EFBC}") = "Switch", "Switch\Switch.csproj", "{7FDD0EA2-B83F-4071-9E1C-FDF44B89FCA5}"
EndProject
Project("{FAE04EC0-301F-11D3-BF4B-00C04F79EFBC}") = "TestFeedback", "TestFeedback\TestFeedback.csproj", "{3A22B3C6-08A3-4A61-BF56-B0D76219E6E1}"
EndProject
Global
	GlobalSection(SolutionConfigurationPlatforms) = preSolution
		Debug|Any CPU = Debug|Any CPU
		Release|Any CPU = Release|Any CPU
	EndGlobalSection
	GlobalSection(ProjectConfigurationPlatforms) = postSolution
		{7FDD0EA2-B83F-4071-9E1C-FDF44B89FCA5}.Debug|Any CPU.ActiveCfg = Debug|Any CPU
		{7FDD0EA2-B83F-4071-9E1C-FDF44B89FCA5}.Debug|Any CPU.Build.0 = Debug|Any CPU
		{7FDD0EA2-B83F-4071-9E1C-FDF44B89FCA5}.Release|Any CPU.ActiveCfg = Release|Any CPU
		{7FDD0EA2-B83F-4071-9E1C-FDF44B89FCA5}.Release|Any CPU.Build.0 = Release|Any CPU
		{3A22B3C6-08A3-4A61-BF56-B0D76219E6E1}.Debug|Any CPU.ActiveCfg = Debug|Any CPU
		{3A22B3C6-08A3-4A61-BF56-B0D76219E6E1}.Debug|Any CPU.Build.0 = Debug|Any CPU
		{3A22B3C6-08A3-4A61-BF56-B0D76219E6E1}.Release|Any CPU.ActiveCfg = Release|Any CPU
		{3A22B3C6-08A3-4A61-BF56-B0D76219E6E1}.Release|Any CPU.Build.0 = Release|Any CPU
	EndGlobalSection
	GlobalSection(SolutionProperties) = preSolution
		HideSolutionNode = FALSE
	EndGlobalSection
	GlobalSection(ExtensibilityGlobals) = postSolution
		SolutionGuid = {A3D1AA12-9208-4EE2-86B2-7DB12115A032}
	EndGlobalSection
EndGlobal
